
Microsoft Visual Studio Solution File, Format Version 12.00
# Visual Studio Express 2013 for Windows Desktop
VisualStudioVersion = 12.0.21005.1
MinimumVisualStudioVersion = 10.0.40219.1
Project("{8A5CB702-8EA0-4EB4-A3CD-91BDA21B7F14}") = "filldisk", "filldisk.vcxproj", "{3F4D8C00-A25B-4C0A-BC5D-CC2450B66DC5}"
EndProject
Global
	GlobalSection(SolutionConfigurationPlatforms) = preSolution
		Debug|Win32 = Debug|Win32
		Release|Win32 = Release|Win32
	EndGlobalSection
	GlobalSection(ProjectConfigurationPlatforms) = postSolution
		{3F4D8C00-A25B-4C0A-BC5D-CC2450B66DC5}.Debug|Win32.ActiveCfg = Debug|Win32
		{3F4D8C00-A25B-4C0A-BC5D-CC2450B66DC5}.Debug|Win32.Build.0 = Debug|Win32
		{3F4D8C00-A25B-4C0A-BC5D-CC2450B66DC5}.Release|Win32.ActiveCfg = Release|Win32
		{3F4D8C00-A25B-4C0A-BC5D-CC2450B66DC5}.Release|Win32.Build.0 = Release|Win32
	EndGlobalSection
	GlobalSection(SolutionProperties) = preSolution
		HideSolutionNode = FALSE
	EndGlobalSection
EndGlobal
